
Microsoft Visual Studio Solution File, Format Version 12.00
# Visual Studio Version 17
VisualStudioVersion = 17.7.34003.232
MinimumVisualStudioVersion = 10.0.40219.1
Project("{FAE04EC0-301F-11D3-BF4B-00C04F79EFBC}") = "Winform.Fullstack2", "Winform.Fullstack2\Winform.Fullstack2.csproj", "{1934B16F-20DB-470A-9400-4B4F4A2A4321}"
EndProject
Global
	GlobalSection(SolutionConfigurationPlatforms) = preSolution
		Debug|Any CPU = Debug|Any CPU
		Release|Any CPU = Release|Any CPU
	EndGlobalSection
	GlobalSection(ProjectConfigurationPlatforms) = postSolution
		{1934B16F-20DB-470A-9400-4B4F4A2A4321}.Debug|Any CPU.ActiveCfg = Debug|Any CPU
		{1934B16F-20DB-470A-9400-4B4F4A2A4321}.Debug|Any CPU.Build.0 = Debug|Any CPU
		{1934B16F-20DB-470A-9400-4B4F4A2A4321}.Release|Any CPU.ActiveCfg = Release|Any CPU
		{1934B16F-20DB-470A-9400-4B4F4A2A4321}.Release|Any CPU.Build.0 = Release|Any CPU
	EndGlobalSection
	GlobalSection(SolutionProperties) = preSolution
		HideSolutionNode = FALSE
	EndGlobalSection
	GlobalSection(ExtensibilityGlobals) = postSolution
		SolutionGuid = {6C00D016-7723-4D9E-BDFB-EA603E097096}
	EndGlobalSection
EndGlobal
